
Microsoft Visual Studio Solution File, Format Version 12.00
# Visual Studio Version 17
VisualStudioVersion = 17.14.36414.22 d17.14
MinimumVisualStudioVersion = 10.0.40219.1
Project("{FAE04EC0-301F-11D3-BF4B-00C04F79EFBC}") = "SauceDemoAutomation", "SauceDemoAutomation.csproj", "{CDCE2E67-78FC-4B82-91E4-AB4F40665F0C}"
EndProject
Global
	GlobalSection(SolutionConfigurationPlatforms) = preSolution
		Debug|Any CPU = Debug|Any CPU
		Release|Any CPU = Release|Any CPU
	EndGlobalSection
	GlobalSection(ProjectConfigurationPlatforms) = postSolution
		{CDCE2E67-78FC-4B82-91E4-AB4F40665F0C}.Debug|Any CPU.ActiveCfg = Debug|Any CPU
		{CDCE2E67-78FC-4B82-91E4-AB4F40665F0C}.Debug|Any CPU.Build.0 = Debug|Any CPU
		{CDCE2E67-78FC-4B82-91E4-AB4F40665F0C}.Release|Any CPU.ActiveCfg = Release|Any CPU
		{CDCE2E67-78FC-4B82-91E4-AB4F40665F0C}.Release|Any CPU.Build.0 = Release|Any CPU
	EndGlobalSection
	GlobalSection(SolutionProperties) = preSolution
		HideSolutionNode = FALSE
	EndGlobalSection
	GlobalSection(ExtensibilityGlobals) = postSolution
		SolutionGuid = {F6F16A8B-8965-4A49-B53F-CA1C49F86762}
	EndGlobalSection
EndGlobal
